
Microsoft Visual Studio Solution File, Format Version 12.00
# Visual Studio Version 17
VisualStudioVersion = 17.0.31903.59
MinimumVisualStudioVersion = 10.0.40219.1
Project("{2150E333-8FDC-42A3-9474-1A3956D46DE8}") = "src", "src", "{827E0CD3-B72D-47B6-A68D-7590B98EB39B}"
EndProject
Project("{FAE04EC0-301F-11D3-BF4B-00C04F79EFBC}") = "LAM.Core", "src\LAM.Core\LAM.Core.csproj", "{3FFB522C-6958-4D52-93C1-6736EE4B3D77}"
EndProject
Project("{FAE04EC0-301F-11D3-BF4B-00C04F79EFBC}") = "LAM.App", "src\LAM.App\LAM.App.csproj", "{FC940637-99F5-4EE4-9980-8DCF74967B54}"
EndProject
Project("{FAE04EC0-301F-11D3-BF4B-00C04F79EFBC}") = "LAM.Tests", "tests\LAM.Tests\LAM.Tests.csproj", "{42A400D9-8193-4A6B-BC6A-DF6EE421A52F}"
EndProject
Project("{2150E333-8FDC-42A3-9474-1A3956D46DE8}") = "tools", "tools", "{07C2787E-EAC7-C090-1BA3-A61EC2A24D84}"
EndProject
Project("{FAE04EC0-301F-11D3-BF4B-00C04F79EFBC}") = "LAM.Diag", "tools\LAM.Diag\LAM.Diag.csproj", "{AE454EE9-789E-4F22-9704-EFF0849B3BB7}"
EndProject
Global
	GlobalSection(SolutionConfigurationPlatforms) = preSolution
		Debug|Any CPU = Debug|Any CPU
		Debug|x64 = Debug|x64
		Debug|x86 = Debug|x86
		Release|Any CPU = Release|Any CPU
		Release|x64 = Release|x64
		Release|x86 = Release|x86
	EndGlobalSection
	GlobalSection(ProjectConfigurationPlatforms) = postSolution
		{3FFB522C-6958-4D52-93C1-6736EE4B3D77}.Debug|Any CPU.ActiveCfg = Debug|Any CPU
		{3FFB522C-6958-4D52-93C1-6736EE4B3D77}.Debug|Any CPU.Build.0 = Debug|Any CPU
		{3FFB522C-6958-4D52-93C1-6736EE4B3D77}.Debug|x64.ActiveCfg = Debug|Any CPU
		{3FFB522C-6958-4D52-93C1-6736EE4B3D77}.Debug|x64.Build.0 = Debug|Any CPU
		{3FFB522C-6958-4D52-93C1-6736EE4B3D77}.Debug|x86.ActiveCfg = Debug|Any CPU
		{3FFB522C-6958-4D52-93C1-6736EE4B3D77}.Debug|x86.Build.0 = Debug|Any CPU
		{3FFB522C-6958-4D52-93C1-6736EE4B3D77}.Release|Any CPU.ActiveCfg = Release|Any CPU
		{3FFB522C-6958-4D52-93C1-6736EE4B3D77}.Release|Any CPU.Build.0 = Release|Any CPU
		{3FFB522C-6958-4D52-93C1-6736EE4B3D77}.Release|x64.ActiveCfg = Release|Any CPU
		{3FFB522C-6958-4D52-93C1-6736EE4B3D77}.Release|x64.Build.0 = Release|Any CPU
		{3FFB522C-6958-4D52-93C1-6736EE4B3D77}.Release|x86.ActiveCfg = Release|Any CPU
		{3FFB522C-6958-4D52-93C1-6736EE4B3D77}.Release|x86.Build.0 = Release|Any CPU
		{FC940637-99F5-4EE4-9980-8DCF74967B54}.Debug|Any CPU.ActiveCfg = Debug|Any CPU
		{FC940637-99F5-4EE4-9980-8DCF74967B54}.Debug|Any CPU.Build.0 = Debug|Any CPU
		{FC940637-99F5-4EE4-9980-8DCF74967B54}.Debug|x64.ActiveCfg = Debug|Any CPU
		{FC940637-99F5-4EE4-9980-8DCF74967B54}.Debug|x64.Build.0 = Debug|Any CPU
		{FC940637-99F5-4EE4-9980-8DCF74967B54}.Debug|x86.ActiveCfg = Debug|Any CPU
		{FC940637-99F5-4EE4-9980-8DCF74967B54}.Debug|x86.Build.0 = Debug|Any CPU
		{FC940637-99F5-4EE4-9980-8DCF74967B54}.Release|Any CPU.ActiveCfg = Release|Any CPU
		{FC940637-99F5-4EE4-9980-8DCF74967B54}.Release|Any CPU.Build.0 = Release|Any CPU
		{FC940637-99F5-4EE4-9980-8DCF74967B54}.Release|x64.ActiveCfg = Release|Any CPU
		{FC940637-99F5-4EE4-9980-8DCF74967B54}.Release|x64.Build.0 = Release|Any CPU
		{FC940637-99F5-4EE4-9980-8DCF74967B54}.Release|x86.ActiveCfg = Release|Any CPU
		{FC940637-99F5-4EE4-9980-8DCF74967B54}.Release|x86.Build.0 = Release|Any CPU
		{42A400D9-8193-4A6B-BC6A-DF6EE421A52F}.Debug|Any CPU.ActiveCfg = Debug|Any CPU
		{42A400D9-8193-4A6B-BC6A-DF6EE421A52F}.Debug|Any CPU.Build.0 = Debug|Any CPU
		{42A400D9-8193-4A6B-BC6A-DF6EE421A52F}.Debug|x64.ActiveCfg = Debug|Any CPU
		{42A400D9-8193-4A6B-BC6A-DF6EE421A52F}.Debug|x64.Build.0 = Debug|Any CPU
		{42A400D9-8193-4A6B-BC6A-DF6EE421A52F}.Debug|x86.ActiveCfg = Debug|Any CPU
		{42A400D9-8193-4A6B-BC6A-DF6EE421A52F}.Debug|x86.Build.0 = Debug|Any CPU
		{42A400D9-8193-4A6B-BC6A-DF6EE421A52F}.Release|Any CPU.ActiveCfg = Release|Any CPU
		{42A400D9-8193-4A6B-BC6A-DF6EE421A52F}.Release|Any CPU.Build.0 = Release|Any CPU
		{42A400D9-8193-4A6B-BC6A-DF6EE421A52F}.Release|x64.ActiveCfg = Release|Any CPU
		{42A400D9-8193-4A6B-BC6A-DF6EE421A52F}.Release|x64.Build.0 = Release|Any CPU
		{42A400D9-8193-4A6B-BC6A-DF6EE421A52F}.Release|x86.ActiveCfg = Release|Any CPU
		{42A400D9-8193-4A6B-BC6A-DF6EE421A52F}.Release|x86.Build.0 = Release|Any CPU
		{AE454EE9-789E-4F22-9704-EFF0849B3BB7}.Debug|Any CPU.ActiveCfg = Debug|Any CPU
		{AE454EE9-789E-4F22-9704-EFF0849B3BB7}.Debug|Any CPU.Build.0 = Debug|Any CPU
		{AE454EE9-789E-4F22-9704-EFF0849B3BB7}.Debug|x64.ActiveCfg = Debug|Any CPU
		{AE454EE9-789E-4F22-9704-EFF0849B3BB7}.Debug|x64.Build.0 = Debug|Any CPU
		{AE454EE9-789E-4F22-9704-EFF0849B3BB7}.Debug|x86.ActiveCfg = Debug|Any CPU
		{AE454EE9-789E-4F22-9704-EFF0849B3BB7}.Debug|x86.Build.0 = Debug|Any CPU
		{AE454EE9-789E-4F22-9704-EFF0849B3BB7}.Release|Any CPU.ActiveCfg = Release|Any CPU
		{AE454EE9-789E-4F22-9704-EFF0849B3BB7}.Release|Any CPU.Build.0 = Release|Any CPU
		{AE454EE9-789E-4F22-9704-EFF0849B3BB7}.Release|x64.ActiveCfg = Release|Any CPU
		{AE454EE9-789E-4F22-9704-EFF0849B3BB7}.Release|x64.Build.0 = Release|Any CPU
		{AE454EE9-789E-4F22-9704-EFF0849B3BB7}.Release|x86.ActiveCfg = Release|Any CPU
		{AE454EE9-789E-4F22-9704-EFF0849B3BB7}.Release|x86.Build.0 = Release|Any CPU
	EndGlobalSection
	GlobalSection(SolutionProperties) = preSolution
		HideSolutionNode = FALSE
	EndGlobalSection
	GlobalSection(NestedProjects) = preSolution
		{3FFB522C-6958-4D52-93C1-6736EE4B3D77} = {827E0CD3-B72D-47B6-A68D-7590B98EB39B}
		{FC940637-99F5-4EE4-9980-8DCF74967B54} = {827E0CD3-B72D-47B6-A68D-7590B98EB39B}
		{42A400D9-8193-4A6B-BC6A-DF6EE421A52F} = {827E0CD3-B72D-47B6-A68D-7590B98EB39B}
		{AE454EE9-789E-4F22-9704-EFF0849B3BB7} = {07C2787E-EAC7-C090-1BA3-A61EC2A24D84}
	EndGlobalSection
EndGlobal
